
Microsoft Visual Studio Solution File, Format Version 12.00
# Visual Studio Version 16
VisualStudioVersion = 16.0.30413.136
MinimumVisualStudioVersion = 10.0.40219.1
Project("{8BC9CEB8-8B4A-11D0-8D11-00A0C91BC942}") = "11.01 OOP", "11.01 OOP\11.01 OOP.vcxproj", "{5BE2A67D-2A32-4A62-9F87-14F327BE618D}"
EndProject
Project("{8BC9CEB8-8B4A-11D0-8D11-00A0C91BC942}") = "CW 2", "CW 2\CW 2.vcxproj", "{DB03BFF1-16B6-48A2-84BD-BF0DFC09B0FE}"
EndProject
Global
	GlobalSection(SolutionConfigurationPlatforms) = preSolution
		Debug|x64 = Debug|x64
		Debug|x86 = Debug|x86
		Release|x64 = Release|x64
		Release|x86 = Release|x86
	EndGlobalSection
	GlobalSection(ProjectConfigurationPlatforms) = postSolution
		{5BE2A67D-2A32-4A62-9F87-14F327BE618D}.Debug|x64.ActiveCfg = Debug|x64
		{5BE2A67D-2A32-4A62-9F87-14F327BE618D}.Debug|x64.Build.0 = Debug|x64
		{5BE2A67D-2A32-4A62-9F87-14F327BE618D}.Debug|x86.ActiveCfg = Debug|Win32
		{5BE2A67D-2A32-4A62-9F87-14F327BE618D}.Debug|x86.Build.0 = Debug|Win32
		{5BE2A67D-2A32-4A62-9F87-14F327BE618D}.Release|x64.ActiveCfg = Release|x64
		{5BE2A67D-2A32-4A62-9F87-14F327BE618D}.Release|x64.Build.0 = Release|x64
		{5BE2A67D-2A32-4A62-9F87-14F327BE618D}.Release|x86.ActiveCfg = Release|Win32
		{5BE2A67D-2A32-4A62-9F87-14F327BE618D}.Release|x86.Build.0 = Release|Win32
		{DB03BFF1-16B6-48A2-84BD-BF0DFC09B0FE}.Debug|x64.ActiveCfg = Debug|x64
		{DB03BFF1-16B6-48A2-84BD-BF0DFC09B0FE}.Debug|x64.Build.0 = Debug|x64
		{DB03BFF1-16B6-48A2-84BD-BF0DFC09B0FE}.Debug|x86.ActiveCfg = Debug|Win32
		{DB03BFF1-16B6-48A2-84BD-BF0DFC09B0FE}.Debug|x86.Build.0 = Debug|Win32
		{DB03BFF1-16B6-48A2-84BD-BF0DFC09B0FE}.Release|x64.ActiveCfg = Release|x64
		{DB03BFF1-16B6-48A2-84BD-BF0DFC09B0FE}.Release|x64.Build.0 = Release|x64
		{DB03BFF1-16B6-48A2-84BD-BF0DFC09B0FE}.Release|x86.ActiveCfg = Release|Win32
		{DB03BFF1-16B6-48A2-84BD-BF0DFC09B0FE}.Release|x86.Build.0 = Release|Win32
	EndGlobalSection
	GlobalSection(SolutionProperties) = preSolution
		HideSolutionNode = FALSE
	EndGlobalSection
	GlobalSection(ExtensibilityGlobals) = postSolution
		SolutionGuid = {3590EBCC-0EF3-4BF1-BC16-835E225F0BAE}
	EndGlobalSection
EndGlobal
